
Microsoft Visual Studio Solution File, Format Version 12.00
Project("{2150E333-8FDC-42A3-9474-1A3956D46DE8}") = "Services", "Services", "{F73E6132-00C1-457E-9658-DC16547D6AC3}"
EndProject
Project("{2150E333-8FDC-42A3-9474-1A3956D46DE8}") = "Catalog", "Catalog", "{87C214E0-9B0D-44AA-940D-E19FE3ADE994}"
EndProject
Project("{FAE04EC0-301F-11D3-BF4B-00C04F79EFBC}") = "Catalog.API", "Services\Catalog\Catalog.API\Catalog.API.csproj", "{0FE9FF78-2C86-41D7-BF8C-3072A8B17555}"
EndProject
Project("{2150E333-8FDC-42A3-9474-1A3956D46DE8}") = "Solution Items", "Solution Items", "{96729CC7-0B56-44B8-BF80-011D1FCDF9EF}"
	ProjectSection(SolutionItems) = preProject
		docker-compose.yml = docker-compose.yml
	EndProjectSection
EndProject
Project("{2150E333-8FDC-42A3-9474-1A3956D46DE8}") = "Basket", "Basket", "{68F7B644-3487-45A6-A995-CC894A35E061}"
EndProject
Project("{FAE04EC0-301F-11D3-BF4B-00C04F79EFBC}") = "Basket.API", "Services\Basket\Basket.API\Basket.API.csproj", "{0D2B089E-0DBE-4D85-BF56-6F1DB9F1B714}"
EndProject
Project("{2150E333-8FDC-42A3-9474-1A3956D46DE8}") = "Discount", "Discount", "{C3139857-5A6B-4F43-973C-E2B11EA2DCF5}"
EndProject
Project("{FAE04EC0-301F-11D3-BF4B-00C04F79EFBC}") = "Discount.API", "Services\Discount\Discount.API\Discount.API.csproj", "{3132F46A-223D-478D-98F1-3EEBA51C67BA}"
EndProject
Project("{FAE04EC0-301F-11D3-BF4B-00C04F79EFBC}") = "Discount.Grpc", "Services\Discount\Discount.Grpc\Discount.Grpc.csproj", "{E98437EC-4F58-4193-AA27-1E3E348DB07C}"
EndProject
Project("{2150E333-8FDC-42A3-9474-1A3956D46DE8}") = "Ordering", "Ordering", "{0DED3D04-1763-4DAF-96AF-D80A3B6A5476}"
EndProject
Project("{FAE04EC0-301F-11D3-BF4B-00C04F79EFBC}") = "Ordering.API", "Services\Ordering\Ordering.API\Ordering.API.csproj", "{B0338E76-763E-4215-9411-572D02811C9F}"
EndProject
Global
	GlobalSection(SolutionConfigurationPlatforms) = preSolution
		Debug|Any CPU = Debug|Any CPU
		Release|Any CPU = Release|Any CPU
	EndGlobalSection
	GlobalSection(NestedProjects) = preSolution
		{87C214E0-9B0D-44AA-940D-E19FE3ADE994} = {F73E6132-00C1-457E-9658-DC16547D6AC3}
		{0FE9FF78-2C86-41D7-BF8C-3072A8B17555} = {87C214E0-9B0D-44AA-940D-E19FE3ADE994}
		{68F7B644-3487-45A6-A995-CC894A35E061} = {F73E6132-00C1-457E-9658-DC16547D6AC3}
		{0D2B089E-0DBE-4D85-BF56-6F1DB9F1B714} = {68F7B644-3487-45A6-A995-CC894A35E061}
		{C3139857-5A6B-4F43-973C-E2B11EA2DCF5} = {F73E6132-00C1-457E-9658-DC16547D6AC3}
		{3132F46A-223D-478D-98F1-3EEBA51C67BA} = {C3139857-5A6B-4F43-973C-E2B11EA2DCF5}
		{E98437EC-4F58-4193-AA27-1E3E348DB07C} = {C3139857-5A6B-4F43-973C-E2B11EA2DCF5}
		{0DED3D04-1763-4DAF-96AF-D80A3B6A5476} = {F73E6132-00C1-457E-9658-DC16547D6AC3}
		{B0338E76-763E-4215-9411-572D02811C9F} = {0DED3D04-1763-4DAF-96AF-D80A3B6A5476}
	EndGlobalSection
	GlobalSection(ProjectConfigurationPlatforms) = postSolution
		{0FE9FF78-2C86-41D7-BF8C-3072A8B17555}.Debug|Any CPU.ActiveCfg = Debug|Any CPU
		{0FE9FF78-2C86-41D7-BF8C-3072A8B17555}.Debug|Any CPU.Build.0 = Debug|Any CPU
		{0FE9FF78-2C86-41D7-BF8C-3072A8B17555}.Release|Any CPU.ActiveCfg = Release|Any CPU
		{0FE9FF78-2C86-41D7-BF8C-3072A8B17555}.Release|Any CPU.Build.0 = Release|Any CPU
		{0D2B089E-0DBE-4D85-BF56-6F1DB9F1B714}.Debug|Any CPU.ActiveCfg = Debug|Any CPU
		{0D2B089E-0DBE-4D85-BF56-6F1DB9F1B714}.Debug|Any CPU.Build.0 = Debug|Any CPU
		{0D2B089E-0DBE-4D85-BF56-6F1DB9F1B714}.Release|Any CPU.ActiveCfg = Release|Any CPU
		{0D2B089E-0DBE-4D85-BF56-6F1DB9F1B714}.Release|Any CPU.Build.0 = Release|Any CPU
		{3132F46A-223D-478D-98F1-3EEBA51C67BA}.Debug|Any CPU.ActiveCfg = Debug|Any CPU
		{3132F46A-223D-478D-98F1-3EEBA51C67BA}.Debug|Any CPU.Build.0 = Debug|Any CPU
		{3132F46A-223D-478D-98F1-3EEBA51C67BA}.Release|Any CPU.ActiveCfg = Release|Any CPU
		{3132F46A-223D-478D-98F1-3EEBA51C67BA}.Release|Any CPU.Build.0 = Release|Any CPU
		{E98437EC-4F58-4193-AA27-1E3E348DB07C}.Debug|Any CPU.ActiveCfg = Debug|Any CPU
		{E98437EC-4F58-4193-AA27-1E3E348DB07C}.Debug|Any CPU.Build.0 = Debug|Any CPU
		{E98437EC-4F58-4193-AA27-1E3E348DB07C}.Release|Any CPU.ActiveCfg = Release|Any CPU
		{E98437EC-4F58-4193-AA27-1E3E348DB07C}.Release|Any CPU.Build.0 = Release|Any CPU
		{B0338E76-763E-4215-9411-572D02811C9F}.Debug|Any CPU.ActiveCfg = Debug|Any CPU
		{B0338E76-763E-4215-9411-572D02811C9F}.Debug|Any CPU.Build.0 = Debug|Any CPU
		{B0338E76-763E-4215-9411-572D02811C9F}.Release|Any CPU.ActiveCfg = Release|Any CPU
		{B0338E76-763E-4215-9411-572D02811C9F}.Release|Any CPU.Build.0 = Release|Any CPU
	EndGlobalSection
EndGlobal
